
Microsoft Visual Studio Solution File, Format Version 12.00
Project("{FAE04EC0-301F-11D3-BF4B-00C04F79EFBC}") = "PiEstimator", "PiEstimator\PiEstimator.csproj", "{51C8EA69-1ECB-4B38-898B-9D78711AFC08}"
EndProject
Global
	GlobalSection(SolutionConfigurationPlatforms) = preSolution
		Debug|Any CPU = Debug|Any CPU
		Release|Any CPU = Release|Any CPU
	EndGlobalSection
	GlobalSection(ProjectConfigurationPlatforms) = postSolution
		{51C8EA69-1ECB-4B38-898B-9D78711AFC08}.Debug|Any CPU.ActiveCfg = Debug|Any CPU
		{51C8EA69-1ECB-4B38-898B-9D78711AFC08}.Debug|Any CPU.Build.0 = Debug|Any CPU
		{51C8EA69-1ECB-4B38-898B-9D78711AFC08}.Release|Any CPU.ActiveCfg = Release|Any CPU
		{51C8EA69-1ECB-4B38-898B-9D78711AFC08}.Release|Any CPU.Build.0 = Release|Any CPU
	EndGlobalSection
EndGlobal
